
Microsoft Visual Studio Solution File, Format Version 12.00
# Visual Studio Version 17
VisualStudioVersion = 17.2.32616.157
MinimumVisualStudioVersion = 10.0.40219.1
Project("{2150E333-8FDC-42A3-9474-1A3956D46DE8}") = "B2BApi", "B2BApi", "{F9054DEC-3B27-4FAE-A8CC-E2A42F5C1340}"
EndProject
Project("{FAE04EC0-301F-11D3-BF4B-00C04F79EFBC}") = "B2BAPI", "B2BApi\B2BAPI\B2BAPI.csproj", "{2D9821F5-8D2B-4458-A7DD-7889C346E64B}"
EndProject
Global
	GlobalSection(SolutionConfigurationPlatforms) = preSolution
		Debug|Any CPU = Debug|Any CPU
		Release|Any CPU = Release|Any CPU
	EndGlobalSection
	GlobalSection(ProjectConfigurationPlatforms) = postSolution
		{2D9821F5-8D2B-4458-A7DD-7889C346E64B}.Debug|Any CPU.ActiveCfg = Debug|Any CPU
		{2D9821F5-8D2B-4458-A7DD-7889C346E64B}.Debug|Any CPU.Build.0 = Debug|Any CPU
		{2D9821F5-8D2B-4458-A7DD-7889C346E64B}.Release|Any CPU.ActiveCfg = Release|Any CPU
		{2D9821F5-8D2B-4458-A7DD-7889C346E64B}.Release|Any CPU.Build.0 = Release|Any CPU
	EndGlobalSection
	GlobalSection(SolutionProperties) = preSolution
		HideSolutionNode = FALSE
	EndGlobalSection
	GlobalSection(NestedProjects) = preSolution
		{2D9821F5-8D2B-4458-A7DD-7889C346E64B} = {F9054DEC-3B27-4FAE-A8CC-E2A42F5C1340}
	EndGlobalSection
	GlobalSection(ExtensibilityGlobals) = postSolution
		SolutionGuid = {4DA36A26-5E92-400C-BAD0-5E66DF7D5BFD}
	EndGlobalSection
EndGlobal
