
Microsoft Visual Studio Solution File, Format Version 12.00
# Visual Studio Version 17
VisualStudioVersion = 17.2.32616.157
MinimumVisualStudioVersion = 10.0.40219.1
Project("{2150E333-8FDC-42A3-9474-1A3956D46DE8}") = "B2BApi", "B2BApi", "{F9054DEC-3B27-4FAE-A8CC-E2A42F5C1340}"
EndProject
Project("{9A19103F-16F7-4668-BE54-9A1E7A4F7556}") = "B2BAPI", "B2BApi\B2BAPI\B2BAPI.csproj", "{2D9821F5-8D2B-4458-A7DD-7889C346E64B}"
EndProject
Project("{2150E333-8FDC-42A3-9474-1A3956D46DE8}") = "Solution Items", "Solution Items", "{4620142B-A1EB-4480-8A27-45B621F6CFA1}"
	ProjectSection(SolutionItems) = preProject
		.editorconfig = .editorconfig
	EndProjectSection
EndProject
Project("{2150E333-8FDC-42A3-9474-1A3956D46DE8}") = "Src", "Src", "{4F824DB8-28CF-431A-B9D2-30EBBB1143EB}"
EndProject
Project("{2150E333-8FDC-42A3-9474-1A3956D46DE8}") = "BuildingBlocks", "BuildingBlocks", "{FEB7EB67-C34A-4037-9BEA-9ADA14EBE994}"
EndProject
Project("{9A19103F-16F7-4668-BE54-9A1E7A4F7556}") = "MoneyRemittance.BuildingBlocks", "Src\BuildingBlocks\MoneyRemittance.BuildingBlocks\MoneyRemittance.BuildingBlocks.csproj", "{A5CF611F-A6FC-4F8B-90EE-7A58521838E2}"
EndProject
Project("{9A19103F-16F7-4668-BE54-9A1E7A4F7556}") = "MoneyRemittance.Domain", "Src\MoneyRemittance.Domain\MoneyRemittance.Domain.csproj", "{C3324C8A-EA55-472C-AF7B-6C7B9833E82D}"
EndProject
Project("{2150E333-8FDC-42A3-9474-1A3956D46DE8}") = "Tests", "Tests", "{753C3F40-D746-4BA4-9776-E3AB7997D064}"
EndProject
Project("{9A19103F-16F7-4668-BE54-9A1E7A4F7556}") = "MoneyRemittance.Domain.UnitTests", "Tests\MoneyRemittance.Domain.UnitTests\MoneyRemittance.Domain.UnitTests.csproj", "{F19762AB-1DD6-438D-A414-28AF3DF8DDE6}"
EndProject
Project("{9A19103F-16F7-4668-BE54-9A1E7A4F7556}") = "MoneyRemittance.TestHelpers", "Tests\MoneyRemittance.TestHelpers\MoneyRemittance.TestHelpers.csproj", "{355CFAAD-EEC9-4C05-BFB4-66C7D3DB2BED}"
EndProject
Project("{9A19103F-16F7-4668-BE54-9A1E7A4F7556}") = "MoneyRemittance.Application", "Src\MoneyRemittance.Application\MoneyRemittance.Application.csproj", "{48EDF5E7-81E5-43E2-8F69-849C67D3AFEF}"
EndProject
Project("{9A19103F-16F7-4668-BE54-9A1E7A4F7556}") = "MoneyRemittance.Infrastructure", "Src\MoneyRemittance.Infrastructure\MoneyRemittance.Infrastructure.csproj", "{59A7CFDB-8B1E-4BCF-BF6E-569393A0D729}"
EndProject
Project("{9A19103F-16F7-4668-BE54-9A1E7A4F7556}") = "MoneyRemittance.IntegrationTests", "Tests\MoneyRemittance.IntegrationTests\MoneyRemittance.IntegrationTests.csproj", "{AF0DEBC5-4E45-4056-856B-29A8252A0D8C}"
EndProject
Project("{9A19103F-16F7-4668-BE54-9A1E7A4F7556}") = "MoneyRemittance.BuildingBlocks.UnitOfWork.EFCore", "Src\BuildingBlocks\MoneyRemittance.BuildingBlocks.UnitOfWork.EFCore\MoneyRemittance.BuildingBlocks.UnitOfWork.EFCore.csproj", "{7442BBE1-9EA9-43D2-9D08-605EE0B3E74B}"
EndProject
Project("{9A19103F-16F7-4668-BE54-9A1E7A4F7556}") = "MoneyRemittance.BuildingBlocks.AzureServiceBus", "Src\BuildingBlocks\MoneyRemittance.BuildingBlocks.AzureServiceBus\MoneyRemittance.BuildingBlocks.AzureServiceBus.csproj", "{2FDC66B6-51A1-4D4F-89CE-DE62C9F970F3}"
EndProject
Project("{9A19103F-16F7-4668-BE54-9A1E7A4F7556}") = "MoneyRemittance.IntegrationEvents", "Src\MoneyRemittance.IntegrationEvents\MoneyRemittance.IntegrationEvents.csproj", "{EC53CF18-414A-4525-9B93-B704B4F8CF38}"
EndProject
Project("{9A19103F-16F7-4668-BE54-9A1E7A4F7556}") = "MoneyRemittance.Application.UnitTests", "Tests\MoneyRemittance.Application.UnitTests\MoneyRemittance.Application.UnitTests.csproj", "{E40FECD1-3A7F-45F0-B3DE-7DB9963D606B}"
EndProject
Project("{FAE04EC0-301F-11D3-BF4B-00C04F79EFBC}") = "MoneyRemittance.BuildingBlocks.Dapper", "Src\BuildingBlocks\MoneyRemittance.BuildingBlocks.Dapper\MoneyRemittance.BuildingBlocks.Dapper.csproj", "{BA9BC78D-6E00-4FCE-BCB4-DF7693FFD93B}"
EndProject
Global
	GlobalSection(SolutionConfigurationPlatforms) = preSolution
		Debug|Any CPU = Debug|Any CPU
		Release|Any CPU = Release|Any CPU
	EndGlobalSection
	GlobalSection(ProjectConfigurationPlatforms) = postSolution
		{2D9821F5-8D2B-4458-A7DD-7889C346E64B}.Debug|Any CPU.ActiveCfg = Debug|Any CPU
		{2D9821F5-8D2B-4458-A7DD-7889C346E64B}.Debug|Any CPU.Build.0 = Debug|Any CPU
		{2D9821F5-8D2B-4458-A7DD-7889C346E64B}.Release|Any CPU.ActiveCfg = Release|Any CPU
		{2D9821F5-8D2B-4458-A7DD-7889C346E64B}.Release|Any CPU.Build.0 = Release|Any CPU
		{A5CF611F-A6FC-4F8B-90EE-7A58521838E2}.Debug|Any CPU.ActiveCfg = Debug|Any CPU
		{A5CF611F-A6FC-4F8B-90EE-7A58521838E2}.Debug|Any CPU.Build.0 = Debug|Any CPU
		{A5CF611F-A6FC-4F8B-90EE-7A58521838E2}.Release|Any CPU.ActiveCfg = Release|Any CPU
		{A5CF611F-A6FC-4F8B-90EE-7A58521838E2}.Release|Any CPU.Build.0 = Release|Any CPU
		{C3324C8A-EA55-472C-AF7B-6C7B9833E82D}.Debug|Any CPU.ActiveCfg = Debug|Any CPU
		{C3324C8A-EA55-472C-AF7B-6C7B9833E82D}.Debug|Any CPU.Build.0 = Debug|Any CPU
		{C3324C8A-EA55-472C-AF7B-6C7B9833E82D}.Release|Any CPU.ActiveCfg = Release|Any CPU
		{C3324C8A-EA55-472C-AF7B-6C7B9833E82D}.Release|Any CPU.Build.0 = Release|Any CPU
		{F19762AB-1DD6-438D-A414-28AF3DF8DDE6}.Debug|Any CPU.ActiveCfg = Debug|Any CPU
		{F19762AB-1DD6-438D-A414-28AF3DF8DDE6}.Debug|Any CPU.Build.0 = Debug|Any CPU
		{F19762AB-1DD6-438D-A414-28AF3DF8DDE6}.Release|Any CPU.ActiveCfg = Release|Any CPU
		{F19762AB-1DD6-438D-A414-28AF3DF8DDE6}.Release|Any CPU.Build.0 = Release|Any CPU
		{355CFAAD-EEC9-4C05-BFB4-66C7D3DB2BED}.Debug|Any CPU.ActiveCfg = Debug|Any CPU
		{355CFAAD-EEC9-4C05-BFB4-66C7D3DB2BED}.Debug|Any CPU.Build.0 = Debug|Any CPU
		{355CFAAD-EEC9-4C05-BFB4-66C7D3DB2BED}.Release|Any CPU.ActiveCfg = Release|Any CPU
		{355CFAAD-EEC9-4C05-BFB4-66C7D3DB2BED}.Release|Any CPU.Build.0 = Release|Any CPU
		{48EDF5E7-81E5-43E2-8F69-849C67D3AFEF}.Debug|Any CPU.ActiveCfg = Debug|Any CPU
		{48EDF5E7-81E5-43E2-8F69-849C67D3AFEF}.Debug|Any CPU.Build.0 = Debug|Any CPU
		{48EDF5E7-81E5-43E2-8F69-849C67D3AFEF}.Release|Any CPU.ActiveCfg = Release|Any CPU
		{48EDF5E7-81E5-43E2-8F69-849C67D3AFEF}.Release|Any CPU.Build.0 = Release|Any CPU
		{59A7CFDB-8B1E-4BCF-BF6E-569393A0D729}.Debug|Any CPU.ActiveCfg = Debug|Any CPU
		{59A7CFDB-8B1E-4BCF-BF6E-569393A0D729}.Debug|Any CPU.Build.0 = Debug|Any CPU
		{59A7CFDB-8B1E-4BCF-BF6E-569393A0D729}.Release|Any CPU.ActiveCfg = Release|Any CPU
		{59A7CFDB-8B1E-4BCF-BF6E-569393A0D729}.Release|Any CPU.Build.0 = Release|Any CPU
		{AF0DEBC5-4E45-4056-856B-29A8252A0D8C}.Debug|Any CPU.ActiveCfg = Debug|Any CPU
		{AF0DEBC5-4E45-4056-856B-29A8252A0D8C}.Debug|Any CPU.Build.0 = Debug|Any CPU
		{AF0DEBC5-4E45-4056-856B-29A8252A0D8C}.Release|Any CPU.ActiveCfg = Release|Any CPU
		{AF0DEBC5-4E45-4056-856B-29A8252A0D8C}.Release|Any CPU.Build.0 = Release|Any CPU
		{7442BBE1-9EA9-43D2-9D08-605EE0B3E74B}.Debug|Any CPU.ActiveCfg = Debug|Any CPU
		{7442BBE1-9EA9-43D2-9D08-605EE0B3E74B}.Debug|Any CPU.Build.0 = Debug|Any CPU
		{7442BBE1-9EA9-43D2-9D08-605EE0B3E74B}.Release|Any CPU.ActiveCfg = Release|Any CPU
		{7442BBE1-9EA9-43D2-9D08-605EE0B3E74B}.Release|Any CPU.Build.0 = Release|Any CPU
		{2FDC66B6-51A1-4D4F-89CE-DE62C9F970F3}.Debug|Any CPU.ActiveCfg = Debug|Any CPU
		{2FDC66B6-51A1-4D4F-89CE-DE62C9F970F3}.Debug|Any CPU.Build.0 = Debug|Any CPU
		{2FDC66B6-51A1-4D4F-89CE-DE62C9F970F3}.Release|Any CPU.ActiveCfg = Release|Any CPU
		{2FDC66B6-51A1-4D4F-89CE-DE62C9F970F3}.Release|Any CPU.Build.0 = Release|Any CPU
		{EC53CF18-414A-4525-9B93-B704B4F8CF38}.Debug|Any CPU.ActiveCfg = Debug|Any CPU
		{EC53CF18-414A-4525-9B93-B704B4F8CF38}.Debug|Any CPU.Build.0 = Debug|Any CPU
		{EC53CF18-414A-4525-9B93-B704B4F8CF38}.Release|Any CPU.ActiveCfg = Release|Any CPU
		{EC53CF18-414A-4525-9B93-B704B4F8CF38}.Release|Any CPU.Build.0 = Release|Any CPU
		{E40FECD1-3A7F-45F0-B3DE-7DB9963D606B}.Debug|Any CPU.ActiveCfg = Debug|Any CPU
		{E40FECD1-3A7F-45F0-B3DE-7DB9963D606B}.Debug|Any CPU.Build.0 = Debug|Any CPU
		{E40FECD1-3A7F-45F0-B3DE-7DB9963D606B}.Release|Any CPU.ActiveCfg = Release|Any CPU
		{E40FECD1-3A7F-45F0-B3DE-7DB9963D606B}.Release|Any CPU.Build.0 = Release|Any CPU
		{BA9BC78D-6E00-4FCE-BCB4-DF7693FFD93B}.Debug|Any CPU.ActiveCfg = Debug|Any CPU
		{BA9BC78D-6E00-4FCE-BCB4-DF7693FFD93B}.Debug|Any CPU.Build.0 = Debug|Any CPU
		{BA9BC78D-6E00-4FCE-BCB4-DF7693FFD93B}.Release|Any CPU.ActiveCfg = Release|Any CPU
		{BA9BC78D-6E00-4FCE-BCB4-DF7693FFD93B}.Release|Any CPU.Build.0 = Release|Any CPU
	EndGlobalSection
	GlobalSection(SolutionProperties) = preSolution
		HideSolutionNode = FALSE
	EndGlobalSection
	GlobalSection(NestedProjects) = preSolution
		{2D9821F5-8D2B-4458-A7DD-7889C346E64B} = {F9054DEC-3B27-4FAE-A8CC-E2A42F5C1340}
		{FEB7EB67-C34A-4037-9BEA-9ADA14EBE994} = {4F824DB8-28CF-431A-B9D2-30EBBB1143EB}
		{A5CF611F-A6FC-4F8B-90EE-7A58521838E2} = {FEB7EB67-C34A-4037-9BEA-9ADA14EBE994}
		{C3324C8A-EA55-472C-AF7B-6C7B9833E82D} = {4F824DB8-28CF-431A-B9D2-30EBBB1143EB}
		{F19762AB-1DD6-438D-A414-28AF3DF8DDE6} = {753C3F40-D746-4BA4-9776-E3AB7997D064}
		{355CFAAD-EEC9-4C05-BFB4-66C7D3DB2BED} = {753C3F40-D746-4BA4-9776-E3AB7997D064}
		{48EDF5E7-81E5-43E2-8F69-849C67D3AFEF} = {4F824DB8-28CF-431A-B9D2-30EBBB1143EB}
		{59A7CFDB-8B1E-4BCF-BF6E-569393A0D729} = {4F824DB8-28CF-431A-B9D2-30EBBB1143EB}
		{AF0DEBC5-4E45-4056-856B-29A8252A0D8C} = {753C3F40-D746-4BA4-9776-E3AB7997D064}
		{7442BBE1-9EA9-43D2-9D08-605EE0B3E74B} = {FEB7EB67-C34A-4037-9BEA-9ADA14EBE994}
		{2FDC66B6-51A1-4D4F-89CE-DE62C9F970F3} = {FEB7EB67-C34A-4037-9BEA-9ADA14EBE994}
		{EC53CF18-414A-4525-9B93-B704B4F8CF38} = {4F824DB8-28CF-431A-B9D2-30EBBB1143EB}
		{E40FECD1-3A7F-45F0-B3DE-7DB9963D606B} = {753C3F40-D746-4BA4-9776-E3AB7997D064}
		{BA9BC78D-6E00-4FCE-BCB4-DF7693FFD93B} = {FEB7EB67-C34A-4037-9BEA-9ADA14EBE994}
	EndGlobalSection
	GlobalSection(ExtensibilityGlobals) = postSolution
		SolutionGuid = {4DA36A26-5E92-400C-BAD0-5E66DF7D5BFD}
	EndGlobalSection
EndGlobal
